
Microsoft Visual Studio Solution File, Format Version 12.00
# Visual Studio Version 16
VisualStudioVersion = 16.0.33214.272
MinimumVisualStudioVersion = 10.0.40219.1
Project("{FAE04EC0-301F-11D3-BF4B-00C04F79EFBC}") = "CrudForSoftlogic", "CrudForSoftlogic\CrudForSoftlogic.csproj", "{EEEEA778-A6E2-4DCA-92FC-D57EC7D71445}"
EndProject
Global
	GlobalSection(SolutionConfigurationPlatforms) = preSolution
		Debug|Any CPU = Debug|Any CPU
		Release|Any CPU = Release|Any CPU
	EndGlobalSection
	GlobalSection(ProjectConfigurationPlatforms) = postSolution
		{EEEEA778-A6E2-4DCA-92FC-D57EC7D71445}.Debug|Any CPU.ActiveCfg = Debug|Any CPU
		{EEEEA778-A6E2-4DCA-92FC-D57EC7D71445}.Debug|Any CPU.Build.0 = Debug|Any CPU
		{EEEEA778-A6E2-4DCA-92FC-D57EC7D71445}.Release|Any CPU.ActiveCfg = Release|Any CPU
		{EEEEA778-A6E2-4DCA-92FC-D57EC7D71445}.Release|Any CPU.Build.0 = Release|Any CPU
	EndGlobalSection
	GlobalSection(SolutionProperties) = preSolution
		HideSolutionNode = FALSE
	EndGlobalSection
	GlobalSection(ExtensibilityGlobals) = postSolution
		SolutionGuid = {92AE395A-08BD-47A7-89EA-8E710C3F3362}
	EndGlobalSection
EndGlobal
